
Microsoft Visual Studio Solution File, Format Version 12.00
# Visual Studio Version 16
VisualStudioVersion = 16.0.30907.101
MinimumVisualStudioVersion = 10.0.40219.1
Project("{FAE04EC0-301F-11D3-BF4B-00C04F79EFBC}") = "DataHost", "DataHost\DataHost.csproj", "{6C9A4C1E-B47C-46DA-8C34-39A72417E65B}"
EndProject
Global
	GlobalSection(SolutionConfigurationPlatforms) = preSolution
		Debug|Any CPU = Debug|Any CPU
		Release|Any CPU = Release|Any CPU
	EndGlobalSection
	GlobalSection(ProjectConfigurationPlatforms) = postSolution
		{6C9A4C1E-B47C-46DA-8C34-39A72417E65B}.Debug|Any CPU.ActiveCfg = Debug|Any CPU
		{6C9A4C1E-B47C-46DA-8C34-39A72417E65B}.Debug|Any CPU.Build.0 = Debug|Any CPU
		{6C9A4C1E-B47C-46DA-8C34-39A72417E65B}.Release|Any CPU.ActiveCfg = Release|Any CPU
		{6C9A4C1E-B47C-46DA-8C34-39A72417E65B}.Release|Any CPU.Build.0 = Release|Any CPU
	EndGlobalSection
	GlobalSection(SolutionProperties) = preSolution
		HideSolutionNode = FALSE
	EndGlobalSection
	GlobalSection(ExtensibilityGlobals) = postSolution
		SolutionGuid = {4506301F-5AB4-4DAC-BC52-3460FE546874}
	EndGlobalSection
EndGlobal
